{
  "pins" : [
    {
      "identity" : "onesignal-xcframework",
      "kind" : "remoteSourceControl",
      "location" : "https://github.com/OneSignal/OneSignal-XCFramework",
      "state" : {
        "revision" : "06f8c1dca77149cc77a4c16b1c400895ec81591c",
        "version" : "5.5.2"
      }
    },
    {
      "identity" : "purchases-hybrid-common",
      "kind" : "remoteSourceControl",
      "location" : "https://github.com/RevenueCat/purchases-hybrid-common.git",
      "state" : {
        "revision" : "a9d25f3d300cdb515b0cce464b59ebb29ad9ec14",
        "version" : "18.10.0"
      }
    },
    {
      "identity" : "purchases-ios-spm",
      "kind" : "remoteSourceControl",
      "location" : "https://github.com/RevenueCat/purchases-ios-spm",
      "state" : {
        "revision" : "92e2804a6b84b3b7ce60bfe7e9ff63dc9524ef5b",
        "version" : "5.76.0"
      }
    }
  ],
  "version" : 2
}
