PODS:
  - app_group_directory (1.0.0):
    - Flutter
  - connectivity_plus (0.0.1):
    - Flutter
    - ReachabilitySwift
  - CryptoSwift (1.4.3)
  - device_info_plus (0.0.1):
    - Flutter
  - Flutter (1.0.0)
  - flutter_barcode_scanner (2.0.0):
    - Flutter
  - flutter_native_splash (0.0.1):
    - Flutter
  - fluttertoast (0.0.2):
    - Flutter
    - Toast
  - FMDB (2.7.5):
    - FMDB/standard (= 2.7.5)
  - FMDB/standard (2.7.5)
  - onesignal_flutter (3.5.0):
    - Flutter
    - OneSignalXCFramework (= 3.12.3)
  - OneSignalXCFramework (3.12.3):
    - OneSignalXCFramework/OneSignalCore (= 3.12.3)
    - OneSignalXCFramework/OneSignalExtension (= 3.12.3)
    - OneSignalXCFramework/OneSignalOutcomes (= 3.12.3)
  - OneSignalXCFramework/OneSignalCore (3.12.3)
  - OneSignalXCFramework/OneSignalExtension (3.12.3):
    - OneSignalXCFramework/OneSignalCore
    - OneSignalXCFramework/OneSignalOutcomes
  - OneSignalXCFramework/OneSignalOutcomes (3.12.3):
    - OneSignalXCFramework/OneSignalCore
  - package_info_plus (0.4.5):
    - Flutter
  - path_provider_foundation (0.0.1):
    - Flutter
    - FlutterMacOS
  - permission_handler_apple (9.0.4):
    - Flutter
  - purchases_flutter (4.10.3):
    - Flutter
    - PurchasesHybridCommon (= 4.13.4)
  - PurchasesHybridCommon (4.13.4):
    - RevenueCat (= 4.17.7)
  - quick_actions_ios (0.0.1):
    - Flutter
  - ReachabilitySwift (5.0.0)
  - RevenueCat (4.17.7)
  - shared_preferences_foundation (0.0.1):
    - Flutter
    - FlutterMacOS
  - sqflite (0.0.2):
    - Flutter
    - FMDB (>= 2.7.5)
  - Toast (4.0.0)
  - url_launcher_ios (0.0.1):
    - Flutter

DEPENDENCIES:
  - app_group_directory (from `.symlinks/plugins/app_group_directory/ios`)
  - connectivity_plus (from `.symlinks/plugins/connectivity_plus/ios`)
  - CryptoSwift (~> 1.4.0)
  - device_info_plus (from `.symlinks/plugins/device_info_plus/ios`)
  - Flutter (from `Flutter`)
  - flutter_barcode_scanner (from `.symlinks/plugins/flutter_barcode_scanner/ios`)
  - flutter_native_splash (from `.symlinks/plugins/flutter_native_splash/ios`)
  - fluttertoast (from `.symlinks/plugins/fluttertoast/ios`)
  - onesignal_flutter (from `.symlinks/plugins/onesignal_flutter/ios`)
  - OneSignalXCFramework (< 4.0, >= 3.4.3)
  - package_info_plus (from `.symlinks/plugins/package_info_plus/ios`)
  - path_provider_foundation (from `.symlinks/plugins/path_provider_foundation/ios`)
  - permission_handler_apple (from `.symlinks/plugins/permission_handler_apple/ios`)
  - purchases_flutter (from `.symlinks/plugins/purchases_flutter/ios`)
  - quick_actions_ios (from `.symlinks/plugins/quick_actions_ios/ios`)
  - shared_preferences_foundation (from `.symlinks/plugins/shared_preferences_foundation/ios`)
  - sqflite (from `.symlinks/plugins/sqflite/ios`)
  - url_launcher_ios (from `.symlinks/plugins/url_launcher_ios/ios`)

SPEC REPOS:
  trunk:
    - CryptoSwift
    - FMDB
    - OneSignalXCFramework
    - PurchasesHybridCommon
    - ReachabilitySwift
    - RevenueCat
    - Toast

EXTERNAL SOURCES:
  app_group_directory:
    :path: ".symlinks/plugins/app_group_directory/ios"
  connectivity_plus:
    :path: ".symlinks/plugins/connectivity_plus/ios"
  device_info_plus:
    :path: ".symlinks/plugins/device_info_plus/ios"
  Flutter:
    :path: Flutter
  flutter_barcode_scanner:
    :path: ".symlinks/plugins/flutter_barcode_scanner/ios"
  flutter_native_splash:
    :path: ".symlinks/plugins/flutter_native_splash/ios"
  fluttertoast:
    :path: ".symlinks/plugins/fluttertoast/ios"
  onesignal_flutter:
    :path: ".symlinks/plugins/onesignal_flutter/ios"
  package_info_plus:
    :path: ".symlinks/plugins/package_info_plus/ios"
  path_provider_foundation:
    :path: ".symlinks/plugins/path_provider_foundation/ios"
  permission_handler_apple:
    :path: ".symlinks/plugins/permission_handler_apple/ios"
  purchases_flutter:
    :path: ".symlinks/plugins/purchases_flutter/ios"
  quick_actions_ios:
    :path: ".symlinks/plugins/quick_actions_ios/ios"
  shared_preferences_foundation:
    :path: ".symlinks/plugins/shared_preferences_foundation/ios"
  sqflite:
    :path: ".symlinks/plugins/sqflite/ios"
  url_launcher_ios:
    :path: ".symlinks/plugins/url_launcher_ios/ios"

SPEC CHECKSUMS:
  app_group_directory: 7bf9f8f9819ead554de29da7c25fb7a680d6a9a0
  connectivity_plus: 413a8857dd5d9f1c399a39130850d02fe0feaf7e
  CryptoSwift: a0799ee936271bd2253a006f1e4523df21845000
  device_info_plus: e5c5da33f982a436e103237c0c85f9031142abed
  Flutter: f04841e97a9d0b0a8025694d0796dd46242b2854
  flutter_barcode_scanner: 7a1144744c28dc0c57a8de7218ffe5ec59a9e4bf
  flutter_native_splash: 52501b97d1c0a5f898d687f1646226c1f93c56ef
  fluttertoast: eb263d302cc92e04176c053d2385237e9f43fad0
  FMDB: 2ce00b547f966261cd18927a3ddb07cb6f3db82a
  onesignal_flutter: e01b19b76406d2f303edabe36da8dc747443d679
  OneSignalXCFramework: 75844c29607ca95e6176f6f21257b4382c7fdbfb
  package_info_plus: 6c92f08e1f853dc01228d6f553146438dafcd14e
  path_provider_foundation: c68054786f1b4f3343858c1e1d0caaded73f0be9
  permission_handler_apple: 44366e37eaf29454a1e7b1b7d736c2cceaeb17ce
  purchases_flutter: feb241b9dd91e8255e2d2d9d5b0266fa8427fe29
  PurchasesHybridCommon: d8948a07502c3160fddb0e6ff1c06496222dcddf
  quick_actions_ios: bb09d1c35b4a89f9dbb15487039fa1b983ca375e
  ReachabilitySwift: 985039c6f7b23a1da463388634119492ff86c825
  RevenueCat: 15a06dbce1021474e6dc9b31b1fce43fe55fcaf2
  shared_preferences_foundation: 986fc17f3d3251412d18b0265f9c64113a8c2472
  sqflite: 6d358c025f5b867b29ed92fc697fd34924e11904
  Toast: 91b396c56ee72a5790816f40d3a94dd357abc196
  url_launcher_ios: 08a3dfac5fb39e8759aeb0abbd5d9480f30fc8b4

PODFILE CHECKSUM: 618ee76e85efaf404724566e6c7c1eddada363f1

COCOAPODS: 1.12.1
